
Microsoft Visual Studio Solution File, Format Version 12.00
# Visual Studio Version 17
VisualStudioVersion = 17.3.32825.248
MinimumVisualStudioVersion = 10.0.40219.1
Project("{9A19103F-16F7-4668-BE54-9A1E7A4F7556}") = "PersonalHub", "PersonalHub\PersonalHub.csproj", "{DE404C8B-994C-432C-A420-1D4258B94487}"
EndProject
Project("{FAE04EC0-301F-11D3-BF4B-00C04F79EFBC}") = "PersonalHubTests", "PersonalHubTests\PersonalHubTests.csproj", "{C2A36D4F-4781-4323-AB33-6A09FB6B6860}"
EndProject
Global
	GlobalSection(SolutionConfigurationPlatforms) = preSolution
		Debug|Any CPU = Debug|Any CPU
		Release|Any CPU = Release|Any CPU
	EndGlobalSection
	GlobalSection(ProjectConfigurationPlatforms) = postSolution
		{DE404C8B-994C-432C-A420-1D4258B94487}.Debug|Any CPU.ActiveCfg = Debug|Any CPU
		{DE404C8B-994C-432C-A420-1D4258B94487}.Debug|Any CPU.Build.0 = Debug|Any CPU
		{DE404C8B-994C-432C-A420-1D4258B94487}.Release|Any CPU.ActiveCfg = Release|Any CPU
		{DE404C8B-994C-432C-A420-1D4258B94487}.Release|Any CPU.Build.0 = Release|Any CPU
		{C2A36D4F-4781-4323-AB33-6A09FB6B6860}.Debug|Any CPU.ActiveCfg = Debug|Any CPU
		{C2A36D4F-4781-4323-AB33-6A09FB6B6860}.Debug|Any CPU.Build.0 = Debug|Any CPU
		{C2A36D4F-4781-4323-AB33-6A09FB6B6860}.Release|Any CPU.ActiveCfg = Release|Any CPU
		{C2A36D4F-4781-4323-AB33-6A09FB6B6860}.Release|Any CPU.Build.0 = Release|Any CPU
	EndGlobalSection
	GlobalSection(SolutionProperties) = preSolution
		HideSolutionNode = FALSE
	EndGlobalSection
	GlobalSection(ExtensibilityGlobals) = postSolution
		SolutionGuid = {763DBCC9-1B0D-4F10-A998-F405D029E775}
	EndGlobalSection
EndGlobal
